
Microsoft Visual Studio Solution File, Format Version 12.00
# Visual Studio Version 17
VisualStudioVersion = 17.2.32505.173
MinimumVisualStudioVersion = 10.0.40219.1
Project("{FAE04EC0-301F-11D3-BF4B-00C04F79EFBC}") = "ITMO.SoftEng2022.ProgrCSApp.Lab3Ex3_3", "ITMO.SoftEng2022.ProgrCSApp.Lab3Ex3_3.csproj", "{E9DC439A-3AB1-4FAC-8476-9EE72E407666}"
EndProject
Global
	GlobalSection(SolutionConfigurationPlatforms) = preSolution
		Debug|Any CPU = Debug|Any CPU
		Release|Any CPU = Release|Any CPU
	EndGlobalSection
	GlobalSection(ProjectConfigurationPlatforms) = postSolution
		{E9DC439A-3AB1-4FAC-8476-9EE72E407666}.Debug|Any CPU.ActiveCfg = Debug|Any CPU
		{E9DC439A-3AB1-4FAC-8476-9EE72E407666}.Debug|Any CPU.Build.0 = Debug|Any CPU
		{E9DC439A-3AB1-4FAC-8476-9EE72E407666}.Release|Any CPU.ActiveCfg = Release|Any CPU
		{E9DC439A-3AB1-4FAC-8476-9EE72E407666}.Release|Any CPU.Build.0 = Release|Any CPU
	EndGlobalSection
	GlobalSection(SolutionProperties) = preSolution
		HideSolutionNode = FALSE
	EndGlobalSection
	GlobalSection(ExtensibilityGlobals) = postSolution
		SolutionGuid = {59741D2F-4D73-4ADF-8CD0-93726A148EDC}
	EndGlobalSection
EndGlobal
