
Microsoft Visual Studio Solution File, Format Version 12.00
# Visual Studio Version 17
VisualStudioVersion = 17.1.32210.238
MinimumVisualStudioVersion = 10.0.40219.1
Project("{FAE04EC0-301F-11D3-BF4B-00C04F79EFBC}") = "ITMO.SoftEng2022.ProgrCSApp.Lab2Ex2", "ITMO.SoftEng2022.ProgrCSApp.Lab2Ex2.csproj", "{8D9D4902-8118-4733-A57E-2B6C721AB8E2}"
EndProject
Global
	GlobalSection(SolutionConfigurationPlatforms) = preSolution
		Debug|Any CPU = Debug|Any CPU
		Release|Any CPU = Release|Any CPU
	EndGlobalSection
	GlobalSection(ProjectConfigurationPlatforms) = postSolution
		{8D9D4902-8118-4733-A57E-2B6C721AB8E2}.Debug|Any CPU.ActiveCfg = Debug|Any CPU
		{8D9D4902-8118-4733-A57E-2B6C721AB8E2}.Debug|Any CPU.Build.0 = Debug|Any CPU
		{8D9D4902-8118-4733-A57E-2B6C721AB8E2}.Release|Any CPU.ActiveCfg = Release|Any CPU
		{8D9D4902-8118-4733-A57E-2B6C721AB8E2}.Release|Any CPU.Build.0 = Release|Any CPU
	EndGlobalSection
	GlobalSection(SolutionProperties) = preSolution
		HideSolutionNode = FALSE
	EndGlobalSection
	GlobalSection(ExtensibilityGlobals) = postSolution
		SolutionGuid = {8DC9DDDB-BE74-43FF-B539-FA3623044A3B}
	EndGlobalSection
EndGlobal
