
Microsoft Visual Studio Solution File, Format Version 12.00
# Visual Studio Version 17
VisualStudioVersion = 17.2.32505.173
MinimumVisualStudioVersion = 10.0.40219.1
Project("{FAE04EC0-301F-11D3-BF4B-00C04F79EFBC}") = "ITMO.SoftEng2022.ProgrCSApp.Lab3Ex1_2", "\Desktop-iu5ofqe\рабочая папка\5_Инженер программист\03_Программирование на С#\Практика\Lab3\ITMO.SoftEng2022.ProgrCSApp.Lab3Ex1_2\ITMO.SoftEng2022.ProgrCSApp.Lab3Ex1_2.csproj", "{D9C66A16-F2D5-487E-B313-BEE02C37A52C}"
EndProject
Global
	GlobalSection(SolutionConfigurationPlatforms) = preSolution
		Debug|Any CPU = Debug|Any CPU
		Release|Any CPU = Release|Any CPU
	EndGlobalSection
	GlobalSection(ProjectConfigurationPlatforms) = postSolution
		{D9C66A16-F2D5-487E-B313-BEE02C37A52C}.Debug|Any CPU.ActiveCfg = Debug|Any CPU
		{D9C66A16-F2D5-487E-B313-BEE02C37A52C}.Debug|Any CPU.Build.0 = Debug|Any CPU
		{D9C66A16-F2D5-487E-B313-BEE02C37A52C}.Release|Any CPU.ActiveCfg = Release|Any CPU
		{D9C66A16-F2D5-487E-B313-BEE02C37A52C}.Release|Any CPU.Build.0 = Release|Any CPU
	EndGlobalSection
	GlobalSection(SolutionProperties) = preSolution
		HideSolutionNode = FALSE
	EndGlobalSection
	GlobalSection(ExtensibilityGlobals) = postSolution
		SolutionGuid = {7A9002A2-080A-457D-BE6B-8668F73B05F6}
	EndGlobalSection
EndGlobal
